{
  "version": 4,
  "terraform_version": "1.2.4",
  "serial": 418,
  "lineage": "3a19fa17-fb54-c33e-a0fe-026df24b5682",
  "outputs": {},
  "resources": [
    {
      "mode": "managed",
      "type": "google_compute_network",
      "name": "private_network",
      "provider": "provider[\"registry.terraform.io/hashicorp/google\"]",
      "instances": [
        {
          "schema_version": 0,
          "attributes": {
            "auto_create_subnetworks": true,
            "delete_default_routes_on_create": false,
            "description": "",
            "gateway_ipv4": "",
            "id": "projects/petsocialmedia-356303/global/networks/pet-social-media-private-network-ee1a",
            "mtu": 0,
            "name": "pet-social-media-private-network-ee1a",
            "project": "petsocialmedia-356303",
            "routing_mode": "REGIONAL",
            "self_link": "https://www.googleapis.com/compute/v1/projects/petsocialmedia-356303/global/networks/pet-social-media-private-network-ee1a",
            "timeouts": null
          },
          "sensitive_attributes": [],
          "private": "eyJlMmJmYjczMC1lY2FhLTExZTYtOGY4OC0zNDM2M2JjN2M0YzAiOnsiY3JlYXRlIjoyNDAwMDAwMDAwMDAsImRlbGV0ZSI6MjQwMDAwMDAwMDAwLCJ1cGRhdGUiOjI0MDAwMDAwMDAwMH19",
          "dependencies": [
            "random_id.name"
          ]
        }
      ]
    },
    {
      "mode": "managed",
      "type": "google_sql_database_instance",
      "name": "instance",
      "provider": "provider[\"registry.terraform.io/hashicorp/google\"]",
      "instances": [
        {
          "schema_version": 0,
          "attributes": {
            "clone": [],
            "connection_name": "petsocialmedia-356303:us-west1:sql-database-private-instance-bc2dcda3",
            "database_version": "MYSQL_8_0",
            "deletion_protection": true,
            "first_ip_address": "35.203.163.37",
            "id": "sql-database-private-instance-bc2dcda3",
            "ip_address": [
              {
                "ip_address": "35.203.163.37",
                "time_to_retire": "",
                "type": "PRIMARY"
              },
              {
                "ip_address": "172.25.0.3",
                "time_to_retire": "",
                "type": "PRIVATE"
              }
            ],
            "master_instance_name": "",
            "name": "sql-database-private-instance-bc2dcda3",
            "private_ip_address": "172.25.0.3",
            "project": "petsocialmedia-356303",
            "public_ip_address": "35.203.163.37",
            "region": "us-west1",
            "replica_configuration": [],
            "restore_backup_context": [],
            "root_password": null,
            "self_link": "https://sqladmin.googleapis.com/sql/v1beta4/projects/petsocialmedia-356303/instances/sql-database-private-instance-bc2dcda3",
            "server_ca_cert": [
              {
                "cert": "-----BEGIN CERTIFICATE-----\nMIIDfzCCAmegAwIBAgIBADANBgkqhkiG9w0BAQsFADB3MS0wKwYDVQQuEyQ1NzJh\nNWNmOS1hYzFkLTRlOTQtYTFiNi0zZWU5ZGZiMWZiNWMxIzAhBgNVBAMTGkdvb2ds\nZSBDbG91ZCBTUUwgU2VydmVyIENBMRQwEgYDVQQKEwtHb29nbGUsIEluYzELMAkG\nA1UEBhMCVVMwHhcNMjIwODEwMTAwMTQ4WhcNMzIwODA3MTAwMjQ4WjB3MS0wKwYD\nVQQuEyQ1NzJhNWNmOS1hYzFkLTRlOTQtYTFiNi0zZWU5ZGZiMWZiNWMxIzAhBgNV\nBAMTGkdvb2dsZSBDbG91ZCBTUUwgU2VydmVyIENBMRQwEgYDVQQKEwtHb29nbGUs\nIEluYzELMAkGA1UEBhMCVVMwggEiMA0GCSqGSIb3DQEBAQUAA4IBDwAwggEKAoIB\nAQCDOIYe5m9jr738AXEXqYAohoE8BC3kAvSQ2my3wfoGNiUK+LlKnmFJb2M8ZFxC\n++tEMbLLtgow4hG+XDvBGJMG1DE8pusuUJE4rYXNj1GQG7SvsxiNCRXR9ZZaEDT3\nz6nRSMWAOjSxQoMxC+rnBGy0XmPpS3qJGcSBjQwsQSuDiWEikQiFnnnSlYE3cX7c\nLanBV/Iiy28pP+oAkC+rRCqe/hFJ1kfNV+hr7FLWNC75trPxNFcXt/O4CwbY0tLB\n/TQG1iImlNqg0mQoeuIP9LdZeSSYAwRXU7krblbk433NChn5FNqwA1izRwSUkrGN\nJOo9+2xlLr2tAw7196GC4wNhAgMBAAGjFjAUMBIGA1UdEwEB/wQIMAYBAf8CAQAw\nDQYJKoZIhvcNAQELBQADggEBAHQDuVmBg1aI8kcSGFkxm+74wvseH5uY4WN7EOcB\nBR1YSYlkyxaQLwEP44VzmL3k4OZFRpusaeAuvrGFOnHsVyqtwgbCfCzrRYzU3t6N\nZedpWN9ObqfLqHMJC32J9a6HtUJoDpjvDxkxt73Cp45MAvX2KFEIOMIZh0ceVVqw\n+Df23y+o6v/GFINfk9KIAguHC6wiRQtwoBdmn4XnCACwzWDNdi94m6yQxZjIUO3V\nCQCpPiA+t8kXOLB3LQ+ikg/SwzBMxT/mSBykwsJOk9RYVF5nldkrmrCUVDrLEc+m\nLoVl2Fdxmhd7jZAAZqdbiHlEwwp4VXxAtvzv6Lnzo+xjNT8=\n-----END CERTIFICATE-----",
                "common_name": "C=US,O=Google\\, Inc,CN=Google Cloud SQL Server CA,dnQualifier=572a5cf9-ac1d-4e94-a1b6-3ee9dfb1fb5c",
                "create_time": "2022-08-10T10:01:48.877Z",
                "expiration_time": "2032-08-07T10:02:48.877Z",
                "sha1_fingerprint": "60077950e67e4fc8bdd1b51245ce398e778651a9"
              }
            ],
            "service_account_email_address": "p519500239218-wr78lx@gcp-sa-cloud-sql.iam.gserviceaccount.com",
            "settings": [
              {
                "activation_policy": "ALWAYS",
                "authorized_gae_applications": [],
                "availability_type": "ZONAL",
                "backup_configuration": [
                  {
                    "backup_retention_settings": [
                      {
                        "retained_backups": 7,
                        "retention_unit": "COUNT"
                      }
                    ],
                    "binary_log_enabled": false,
                    "enabled": false,
                    "location": "",
                    "point_in_time_recovery_enabled": false,
                    "start_time": "11:00",
                    "transaction_log_retention_days": 7
                  }
                ],
                "collation": "",
                "crash_safe_replication": false,
                "database_flags": [],
                "disk_autoresize": true,
                "disk_autoresize_limit": 0,
                "disk_size": 10,
                "disk_type": "PD_SSD",
                "insights_config": [],
                "ip_configuration": [
                  {
                    "authorized_networks": [],
                    "ipv4_enabled": true,
                    "private_network": "projects/petsocialmedia-356303/global/networks/pet-social-media-private-network-ee1a",
                    "require_ssl": false
                  }
                ],
                "location_preference": [
                  {
                    "follow_gae_application": "",
                    "zone": "us-west1-a"
                  }
                ],
                "maintenance_window": [],
                "pricing_plan": "PER_USE",
                "replication_type": "SYNCHRONOUS",
                "tier": "db-f1-micro",
                "user_labels": {},
                "version": 1
              }
            ],
            "timeouts": null
          },
          "sensitive_attributes": [],
          "private": "eyJlMmJmYjczMC1lY2FhLTExZTYtOGY4OC0zNDM2M2JjN2M0YzAiOnsiY3JlYXRlIjoxODAwMDAwMDAwMDAwLCJkZWxldGUiOjE4MDAwMDAwMDAwMDAsInVwZGF0ZSI6MTgwMDAwMDAwMDAwMH19",
          "dependencies": [
            "google_compute_network.private_network",
            "google_vpc_access_connector.connector",
            "random_id.db_name_suffix",
            "random_id.name"
          ]
        }
      ]
    },
    {
      "mode": "managed",
      "type": "google_storage_bucket",
      "name": "media",
      "provider": "provider[\"registry.terraform.io/hashicorp/google\"]",
      "instances": [
        {
          "schema_version": 0,
          "attributes": {
            "bucket_policy_only": false,
            "cors": [],
            "default_event_based_hold": false,
            "encryption": [],
            "force_destroy": false,
            "id": "petsocialmedia-356303-bucket",
            "labels": {},
            "lifecycle_rule": [],
            "location": "US",
            "logging": [],
            "name": "petsocialmedia-356303-bucket",
            "project": "petsocialmedia-356303",
            "requester_pays": false,
            "retention_policy": [],
            "self_link": "https://www.googleapis.com/storage/v1/b/petsocialmedia-356303-bucket",
            "storage_class": "STANDARD",
            "uniform_bucket_level_access": false,
            "url": "gs://petsocialmedia-356303-bucket",
            "versioning": [],
            "website": []
          },
          "sensitive_attributes": [],
          "private": "bnVsbA=="
        }
      ]
    },
    {
      "mode": "managed",
      "type": "google_vpc_access_connector",
      "name": "connector",
      "provider": "provider[\"registry.terraform.io/hashicorp/google\"]",
      "instances": [
        {
          "schema_version": 0,
          "attributes": {
            "id": "projects/petsocialmedia-356303/locations/us-west1/connectors/vpc-con-social-media",
            "ip_cidr_range": "10.10.0.0/28",
            "max_throughput": 300,
            "min_throughput": 200,
            "name": "vpc-con-social-media",
            "network": "pet-social-media-private-network-ee1a",
            "project": "petsocialmedia-356303",
            "region": null,
            "self_link": "projects/petsocialmedia-356303/locations/us-west1/connectors/vpc-con-social-media",
            "state": "READY",
            "timeouts": null
          },
          "sensitive_attributes": [],
          "private": "eyJlMmJmYjczMC1lY2FhLTExZTYtOGY4OC0zNDM2M2JjN2M0YzAiOnsiY3JlYXRlIjozNjAwMDAwMDAwMDAsImRlbGV0ZSI6NjAwMDAwMDAwMDAwfX0=",
          "dependencies": [
            "google_compute_network.private_network",
            "random_id.name"
          ]
        }
      ]
    },
    {
      "mode": "managed",
      "type": "random_id",
      "name": "db_name_suffix",
      "provider": "provider[\"registry.terraform.io/hashicorp/random\"]",
      "instances": [
        {
          "schema_version": 0,
          "attributes": {
            "b64_std": "vC3Now==",
            "b64_url": "vC3Now",
            "byte_length": 4,
            "dec": "3157118371",
            "hex": "bc2dcda3",
            "id": "vC3Now",
            "keepers": null,
            "prefix": null
          },
          "sensitive_attributes": [],
          "private": "bnVsbA=="
        }
      ]
    },
    {
      "mode": "managed",
      "type": "random_id",
      "name": "name",
      "provider": "provider[\"registry.terraform.io/hashicorp/random\"]",
      "instances": [
        {
          "schema_version": 0,
          "attributes": {
            "b64_std": "7ho=",
            "b64_url": "7ho",
            "byte_length": 2,
            "dec": "60954",
            "hex": "ee1a",
            "id": "7ho",
            "keepers": null,
            "prefix": null
          },
          "sensitive_attributes": [],
          "private": "bnVsbA=="
        }
      ]
    }
  ]
}
